
Microsoft Visual Studio Solution File, Format Version 12.00
# Visual Studio Version 17
VisualStudioVersion = 17.8.34330.188
MinimumVisualStudioVersion = 10.0.40219.1
Project("{9A19103F-16F7-4668-BE54-9A1E7A4F7556}") = "AcademyApp", "ConsoleApp\AcademyApp.csproj", "{C8E8B89B-74B7-4931-BE71-371233A59CFB}"
EndProject
Project("{9A19103F-16F7-4668-BE54-9A1E7A4F7556}") = "AcademyApp.Domain", "ConsoleApp.Domain\AcademyApp.Domain.csproj", "{3F81F7AB-F479-438D-8A82-3F57D22780D4}"
EndProject
Project("{9A19103F-16F7-4668-BE54-9A1E7A4F7556}") = "AcademyApp.DataContext", "DataContext\AcademyApp.DataContext.csproj", "{9F8E3BC7-0A89-4A6D-96C1-4E3628C92B1E}"
EndProject
Project("{9A19103F-16F7-4668-BE54-9A1E7A4F7556}") = "AcademyApp.Business", "AcademyApp.Business\AcademyApp.Business.csproj", "{38331E02-A833-4BED-90DD-4BED43AE38A9}"
EndProject
Project("{9A19103F-16F7-4668-BE54-9A1E7A4F7556}") = "AcademyApp.Helpers", "AcademyApp.Helper\AcademyApp.Helpers.csproj", "{1E8DB546-476F-44F5-B582-27C62597782F}"
EndProject
Global
	GlobalSection(SolutionConfigurationPlatforms) = preSolution
		Debug|Any CPU = Debug|Any CPU
		Release|Any CPU = Release|Any CPU
	EndGlobalSection
	GlobalSection(ProjectConfigurationPlatforms) = postSolution
		{C8E8B89B-74B7-4931-BE71-371233A59CFB}.Debug|Any CPU.ActiveCfg = Debug|Any CPU
		{C8E8B89B-74B7-4931-BE71-371233A59CFB}.Debug|Any CPU.Build.0 = Debug|Any CPU
		{C8E8B89B-74B7-4931-BE71-371233A59CFB}.Release|Any CPU.ActiveCfg = Release|Any CPU
		{C8E8B89B-74B7-4931-BE71-371233A59CFB}.Release|Any CPU.Build.0 = Release|Any CPU
		{3F81F7AB-F479-438D-8A82-3F57D22780D4}.Debug|Any CPU.ActiveCfg = Debug|Any CPU
		{3F81F7AB-F479-438D-8A82-3F57D22780D4}.Debug|Any CPU.Build.0 = Debug|Any CPU
		{3F81F7AB-F479-438D-8A82-3F57D22780D4}.Release|Any CPU.ActiveCfg = Release|Any CPU
		{3F81F7AB-F479-438D-8A82-3F57D22780D4}.Release|Any CPU.Build.0 = Release|Any CPU
		{9F8E3BC7-0A89-4A6D-96C1-4E3628C92B1E}.Debug|Any CPU.ActiveCfg = Debug|Any CPU
		{9F8E3BC7-0A89-4A6D-96C1-4E3628C92B1E}.Debug|Any CPU.Build.0 = Debug|Any CPU
		{9F8E3BC7-0A89-4A6D-96C1-4E3628C92B1E}.Release|Any CPU.ActiveCfg = Release|Any CPU
		{9F8E3BC7-0A89-4A6D-96C1-4E3628C92B1E}.Release|Any CPU.Build.0 = Release|Any CPU
		{38331E02-A833-4BED-90DD-4BED43AE38A9}.Debug|Any CPU.ActiveCfg = Debug|Any CPU
		{38331E02-A833-4BED-90DD-4BED43AE38A9}.Debug|Any CPU.Build.0 = Debug|Any CPU
		{38331E02-A833-4BED-90DD-4BED43AE38A9}.Release|Any CPU.ActiveCfg = Release|Any CPU
		{38331E02-A833-4BED-90DD-4BED43AE38A9}.Release|Any CPU.Build.0 = Release|Any CPU
		{1E8DB546-476F-44F5-B582-27C62597782F}.Debug|Any CPU.ActiveCfg = Debug|Any CPU
		{1E8DB546-476F-44F5-B582-27C62597782F}.Debug|Any CPU.Build.0 = Debug|Any CPU
		{1E8DB546-476F-44F5-B582-27C62597782F}.Release|Any CPU.ActiveCfg = Release|Any CPU
		{1E8DB546-476F-44F5-B582-27C62597782F}.Release|Any CPU.Build.0 = Release|Any CPU
	EndGlobalSection
	GlobalSection(SolutionProperties) = preSolution
		HideSolutionNode = FALSE
	EndGlobalSection
	GlobalSection(ExtensibilityGlobals) = postSolution
		SolutionGuid = {5907A0EA-6AB9-45EC-8DF5-81DB3BCD1A2B}
	EndGlobalSection
EndGlobal
